
Microsoft Visual Studio Solution File, Format Version 12.00
# Visual Studio Version 16
VisualStudioVersion = 16.0.31402.337
MinimumVisualStudioVersion = 10.0.40219.1
Project("{FAE04EC0-301F-11D3-BF4B-00C04F79EFBC}") = "DowiComboBox", "DowiComboBox\DowiComboBox.csproj", "{2D682627-BEAF-4E81-A8F4-FF230BEE0F43}"
EndProject
Project("{FAE04EC0-301F-11D3-BF4B-00C04F79EFBC}") = "IInputValidiator", "..\IInputValidiator\IInputValidiator.csproj", "{043458C6-44E6-475C-AA29-273F2B3967BF}"
EndProject
Project("{FAE04EC0-301F-11D3-BF4B-00C04F79EFBC}") = "IDowiComponent", "..\IDowiComponent\IDowiComponent.csproj", "{63641B52-C9F0-4973-87B3-CFEE72A1658A}"
EndProject
Project("{FAE04EC0-301F-11D3-BF4B-00C04F79EFBC}") = "DowiExtensions", "..\FunkcjeUniwersalne\MyExtensions\DowiExtensions.csproj", "{4972DFB0-708B-4A65-BE70-D7320B7E6354}"
EndProject
Global
	GlobalSection(SolutionConfigurationPlatforms) = preSolution
		Debug|Any CPU = Debug|Any CPU
		Debug|x86 = Debug|x86
		Release|Any CPU = Release|Any CPU
		Release|x86 = Release|x86
	EndGlobalSection
	GlobalSection(ProjectConfigurationPlatforms) = postSolution
		{2D682627-BEAF-4E81-A8F4-FF230BEE0F43}.Debug|Any CPU.ActiveCfg = Debug|x86
		{2D682627-BEAF-4E81-A8F4-FF230BEE0F43}.Debug|x86.ActiveCfg = Debug|x86
		{2D682627-BEAF-4E81-A8F4-FF230BEE0F43}.Debug|x86.Build.0 = Debug|x86
		{2D682627-BEAF-4E81-A8F4-FF230BEE0F43}.Release|Any CPU.ActiveCfg = Release|x86
		{2D682627-BEAF-4E81-A8F4-FF230BEE0F43}.Release|x86.ActiveCfg = Release|x86
		{2D682627-BEAF-4E81-A8F4-FF230BEE0F43}.Release|x86.Build.0 = Release|x86
		{043458C6-44E6-475C-AA29-273F2B3967BF}.Debug|Any CPU.ActiveCfg = Debug|x86
		{043458C6-44E6-475C-AA29-273F2B3967BF}.Debug|x86.ActiveCfg = Debug|x86
		{043458C6-44E6-475C-AA29-273F2B3967BF}.Debug|x86.Build.0 = Debug|x86
		{043458C6-44E6-475C-AA29-273F2B3967BF}.Release|Any CPU.ActiveCfg = Release|x86
		{043458C6-44E6-475C-AA29-273F2B3967BF}.Release|x86.ActiveCfg = Release|x86
		{043458C6-44E6-475C-AA29-273F2B3967BF}.Release|x86.Build.0 = Release|x86
		{63641B52-C9F0-4973-87B3-CFEE72A1658A}.Debug|Any CPU.ActiveCfg = Debug|x86
		{63641B52-C9F0-4973-87B3-CFEE72A1658A}.Debug|x86.ActiveCfg = Debug|x86
		{63641B52-C9F0-4973-87B3-CFEE72A1658A}.Debug|x86.Build.0 = Debug|x86
		{63641B52-C9F0-4973-87B3-CFEE72A1658A}.Release|Any CPU.ActiveCfg = Release|x86
		{63641B52-C9F0-4973-87B3-CFEE72A1658A}.Release|x86.ActiveCfg = Release|x86
		{63641B52-C9F0-4973-87B3-CFEE72A1658A}.Release|x86.Build.0 = Release|x86
		{4972DFB0-708B-4A65-BE70-D7320B7E6354}.Debug|Any CPU.ActiveCfg = Debug|Any CPU
		{4972DFB0-708B-4A65-BE70-D7320B7E6354}.Debug|Any CPU.Build.0 = Debug|Any CPU
		{4972DFB0-708B-4A65-BE70-D7320B7E6354}.Debug|x86.ActiveCfg = Debug|x86
		{4972DFB0-708B-4A65-BE70-D7320B7E6354}.Debug|x86.Build.0 = Debug|x86
		{4972DFB0-708B-4A65-BE70-D7320B7E6354}.Release|Any CPU.ActiveCfg = Release|Any CPU
		{4972DFB0-708B-4A65-BE70-D7320B7E6354}.Release|Any CPU.Build.0 = Release|Any CPU
		{4972DFB0-708B-4A65-BE70-D7320B7E6354}.Release|x86.ActiveCfg = Release|x86
		{4972DFB0-708B-4A65-BE70-D7320B7E6354}.Release|x86.Build.0 = Release|x86
	EndGlobalSection
	GlobalSection(SolutionProperties) = preSolution
		HideSolutionNode = FALSE
	EndGlobalSection
	GlobalSection(ExtensibilityGlobals) = postSolution
		SolutionGuid = {E7790B7A-8FEC-4FAE-8F5C-1900C498CF1F}
	EndGlobalSection
EndGlobal
